
Microsoft Visual Studio Solution File, Format Version 12.00
# Visual Studio Version 16
VisualStudioVersion = 16.0.32228.343
MinimumVisualStudioVersion = 10.0.40219.1
Project("{FAE04EC0-301F-11D3-BF4B-00C04F79EFBC}") = "CinemaAPI", "CinemaAPI\CinemaAPI.csproj", "{B1C24DFE-B763-4719-9AAC-CCCD52B69600}"
EndProject
Project("{FAE04EC0-301F-11D3-BF4B-00C04F79EFBC}") = "UsuariosAPI", "UsuariosAPI\UsuariosAPI.csproj", "{D3EF5040-F991-4FB8-B381-514E12C27FC8}"
EndProject
Global
	GlobalSection(SolutionConfigurationPlatforms) = preSolution
		Debug|Any CPU = Debug|Any CPU
		Release|Any CPU = Release|Any CPU
	EndGlobalSection
	GlobalSection(ProjectConfigurationPlatforms) = postSolution
		{B1C24DFE-B763-4719-9AAC-CCCD52B69600}.Debug|Any CPU.ActiveCfg = Debug|Any CPU
		{B1C24DFE-B763-4719-9AAC-CCCD52B69600}.Debug|Any CPU.Build.0 = Debug|Any CPU
		{B1C24DFE-B763-4719-9AAC-CCCD52B69600}.Release|Any CPU.ActiveCfg = Release|Any CPU
		{B1C24DFE-B763-4719-9AAC-CCCD52B69600}.Release|Any CPU.Build.0 = Release|Any CPU
		{D3EF5040-F991-4FB8-B381-514E12C27FC8}.Debug|Any CPU.ActiveCfg = Debug|Any CPU
		{D3EF5040-F991-4FB8-B381-514E12C27FC8}.Debug|Any CPU.Build.0 = Debug|Any CPU
		{D3EF5040-F991-4FB8-B381-514E12C27FC8}.Release|Any CPU.ActiveCfg = Release|Any CPU
		{D3EF5040-F991-4FB8-B381-514E12C27FC8}.Release|Any CPU.Build.0 = Release|Any CPU
	EndGlobalSection
	GlobalSection(SolutionProperties) = preSolution
		HideSolutionNode = FALSE
	EndGlobalSection
	GlobalSection(ExtensibilityGlobals) = postSolution
		SolutionGuid = {8ABD20C1-E191-4966-8977-CDFA264E2BD3}
	EndGlobalSection
EndGlobal
